{
    "name": "orientation",
    "version": "1.0.1",
    "lockfileVersion": 2,
    "requires": true,
    "packages": {
        "": {
            "name": "orientation",
            "version": "1.0.1",
            "dependencies": {
                "vue": "^2.6.14"
            },
            "devDependencies": {
                "@types/node": "^16.9.1",
                "@types/vue": "^2.0.0",
                "typescript": "^4.3.4"
            }
        },
        "node_modules/@types/node": {
            "version": "16.9.1",
            "resolved": "https://registry.npmjs.org/@types/node/-/node-16.9.1.tgz",
            "integrity": "sha512-QpLcX9ZSsq3YYUUnD3nFDY8H7wctAhQj/TFKL8Ya8v5fMm3CFXxo8zStsLAl780ltoYoo1WvKUVGBQK+1ifr7g==",
            "dev": true
        },
        "node_modules/@types/vue": {
            "version": "2.0.0",
            "resolved": "https://registry.npmjs.org/@types/vue/-/vue-2.0.0.tgz",
            "integrity": "sha1-7Hez2JWR3rnKXLBSNoqpwyvgiOc=",
            "deprecated": "This is a stub types definition for vuejs (https://github.com/vuejs/vue). vuejs provides its own type definitions, so you don't need @types/vue installed!",
            "dev": true,
            "dependencies": {
                "vue": "*"
            }
        },
        "node_modules/typescript": {
            "version": "4.5.4",
            "resolved": "https://registry.npmjs.org/typescript/-/typescript-4.5.4.tgz",
            "integrity": "sha512-VgYs2A2QIRuGphtzFV7aQJduJ2gyfTljngLzjpfW9FoYZF6xuw1W0vW9ghCKLfcWrCFxK81CSGRAvS1pn4fIUg==",
            "dev": true,
            "bin": {
                "tsc": "bin/tsc",
                "tsserver": "bin/tsserver"
            },
            "engines": {
                "node": ">=4.2.0"
            }
        },
        "node_modules/vue": {
            "version": "2.6.14",
            "resolved": "https://registry.npmjs.org/vue/-/vue-2.6.14.tgz",
            "integrity": "sha512-x2284lgYvjOMj3Za7kqzRcUSxBboHqtgRE2zlos1qWaOye5yUmHn42LB1250NJBLRwEcdrB0JRwyPTEPhfQjiQ=="
        }
    },
    "dependencies": {
        "@types/node": {
            "version": "16.9.1",
            "resolved": "https://registry.npmjs.org/@types/node/-/node-16.9.1.tgz",
            "integrity": "sha512-QpLcX9ZSsq3YYUUnD3nFDY8H7wctAhQj/TFKL8Ya8v5fMm3CFXxo8zStsLAl780ltoYoo1WvKUVGBQK+1ifr7g==",
            "dev": true
        },
        "@types/vue": {
            "version": "2.0.0",
            "resolved": "https://registry.npmjs.org/@types/vue/-/vue-2.0.0.tgz",
            "integrity": "sha1-7Hez2JWR3rnKXLBSNoqpwyvgiOc=",
            "dev": true,
            "requires": {
                "vue": "*"
            }
        },
        "typescript": {
            "version": "4.5.4",
            "resolved": "https://registry.npmjs.org/typescript/-/typescript-4.5.4.tgz",
            "integrity": "sha512-VgYs2A2QIRuGphtzFV7aQJduJ2gyfTljngLzjpfW9FoYZF6xuw1W0vW9ghCKLfcWrCFxK81CSGRAvS1pn4fIUg==",
            "dev": true
        },
        "vue": {
            "version": "2.6.14",
            "resolved": "https://registry.npmjs.org/vue/-/vue-2.6.14.tgz",
            "integrity": "sha512-x2284lgYvjOMj3Za7kqzRcUSxBboHqtgRE2zlos1qWaOye5yUmHn42LB1250NJBLRwEcdrB0JRwyPTEPhfQjiQ=="
        }
    }
}
