{
    "name": "meta-fix",
    "version": "1.0.0",
    "lockfileVersion": 2,
    "requires": true,
    "packages": {
        "": {
            "name": "meta-fix",
            "version": "1.0.0",
            "dependencies": {
                "@types/fs-extra": "^5.0.4"
            },
            "devDependencies": {
                "@types/node": "^16.0.1",
                "typescript": "^4.3.4"
            }
        },
        "node_modules/@types/fs-extra": {
            "version": "5.1.0",
            "resolved": "https://registry.npmjs.org/@types/fs-extra/-/fs-extra-5.1.0.tgz",
            "integrity": "sha512-AInn5+UBFIK9FK5xc9yP5e3TQSPNNgjHByqYcj9g5elVBnDQcQL7PlO1CIRy2gWlbwK7UPYqi7vRvFA44dCmYQ==",
            "dependencies": {
                "@types/node": "*"
            }
        },
        "node_modules/@types/node": {
            "version": "16.11.33",
            "resolved": "https://registry.npmjs.org/@types/node/-/node-16.11.33.tgz",
            "integrity": "sha512-0PJ0vg+JyU0MIan58IOIFRtSvsb7Ri+7Wltx2qAg94eMOrpg4+uuP3aUHCpxXc1i0jCXiC+zIamSZh3l9AbcQA=="
        },
        "node_modules/typescript": {
            "version": "4.6.4",
            "resolved": "https://registry.npmjs.org/typescript/-/typescript-4.6.4.tgz",
            "integrity": "sha512-9ia/jWHIEbo49HfjrLGfKbZSuWo9iTMwXO+Ca3pRsSpbsMbc7/IU8NKdCZVRRBafVPGnoJeFL76ZOAA84I9fEg==",
            "dev": true,
            "bin": {
                "tsc": "bin/tsc",
                "tsserver": "bin/tsserver"
            },
            "engines": {
                "node": ">=4.2.0"
            }
        }
    },
    "dependencies": {
        "@types/fs-extra": {
            "version": "5.1.0",
            "resolved": "https://registry.npmjs.org/@types/fs-extra/-/fs-extra-5.1.0.tgz",
            "integrity": "sha512-AInn5+UBFIK9FK5xc9yP5e3TQSPNNgjHByqYcj9g5elVBnDQcQL7PlO1CIRy2gWlbwK7UPYqi7vRvFA44dCmYQ==",
            "requires": {
                "@types/node": "*"
            }
        },
        "@types/node": {
            "version": "16.11.33",
            "resolved": "https://registry.npmjs.org/@types/node/-/node-16.11.33.tgz",
            "integrity": "sha512-0PJ0vg+JyU0MIan58IOIFRtSvsb7Ri+7Wltx2qAg94eMOrpg4+uuP3aUHCpxXc1i0jCXiC+zIamSZh3l9AbcQA=="
        },
        "typescript": {
            "version": "4.6.4",
            "resolved": "https://registry.npmjs.org/typescript/-/typescript-4.6.4.tgz",
            "integrity": "sha512-9ia/jWHIEbo49HfjrLGfKbZSuWo9iTMwXO+Ca3pRsSpbsMbc7/IU8NKdCZVRRBafVPGnoJeFL76ZOAA84I9fEg==",
            "dev": true
        }
    }
}
